// !$*UTF8*$!
{
	archiveVersion = 1;
	classes = {
	};
	objectVersion = 50;
	objects = {

/* Begin PBXBuildFile section */
		902199B72573959F004FE62F /* AppDelegate.swift in Sources */ = {isa = PBXBuildFile; fileRef = 902199B62573959F004FE62F /* AppDelegate.swift */; };
		902199B92573959F004FE62F /* SceneDelegate.swift in Sources */ = {isa = PBXBuildFile; fileRef = 902199B82573959F004FE62F /* SceneDelegate.swift */; };
		902199BB2573959F004FE62F /* ContentView.swift in Sources */ = {isa = PBXBuildFile; fileRef = 902199BA2573959F004FE62F /* ContentView.swift */; };
		902199BD2573959F004FE62F /* Assets.xcassets in Resources */ = {isa = PBXBuildFile; fileRef = 902199BC2573959F004FE62F /* Assets.xcassets */; };
		902199C02573959F004FE62F /* Preview Assets.xcassets in Resources */ = {isa = PBXBuildFile; fileRef = 902199BF2573959F004FE62F /* Preview Assets.xcassets */; };
		902199C32573959F004FE62F /* LaunchScreen.storyboard in Resources */ = {isa = PBXBuildFile; fileRef = 902199C12573959F004FE62F /* LaunchScreen.storyboard */; };
		902199CD257398E9004FE62F /* Server.swift in Sources */ = {isa = PBXBuildFile; fileRef = 902199CC257398E9004FE62F /* Server.swift */; };
		902199D025739F6B004FE62F /* Browser.swift in Sources */ = {isa = PBXBuildFile; fileRef = 902199CF25739F6B004FE62F /* Browser.swift */; };
		902199D32573E278004FE62F /* Connection.swift in Sources */ = {isa = PBXBuildFile; fileRef = 902199D22573E278004FE62F /* Connection.swift */; };
		902199D82574E06E004FE62F /* Client.swift in Sources */ = {isa = PBXBuildFile; fileRef = 902199D72574E06E004FE62F /* Client.swift */; };
/* End PBXBuildFile section */

/* Begin PBXFileReference section */
		902199B32573959F004FE62F /* MultiConnect.app */ = {isa = PBXFileReference; explicitFileType = wrapper.application; includeInIndex = 0; path = MultiConnect.app; sourceTree = BUILT_PRODUCTS_DIR; };
		902199B62573959F004FE62F /* AppDelegate.swift */ = {isa = PBXFileReference; lastKnownFileType = sourcecode.swift; path = AppDelegate.swift; sourceTree = "<group>"; };
		902199B82573959F004FE62F /* SceneDelegate.swift */ = {isa = PBXFileReference; lastKnownFileType = sourcecode.swift; path = SceneDelegate.swift; sourceTree = "<group>"; };
		902199BA2573959F004FE62F /* ContentView.swift */ = {isa = PBXFileReference; lastKnownFileType = sourcecode.swift; path = ContentView.swift; sourceTree = "<group>"; };
		902199BC2573959F004FE62F /* Assets.xcassets */ = {isa = PBXFileReference; lastKnownFileType = folder.assetcatalog; path = Assets.xcassets; sourceTree = "<group>"; };
		902199BF2573959F004FE62F /* Preview Assets.xcassets */ = {isa = PBXFileReference; lastKnownFileType = folder.assetcatalog; path = "Preview Assets.xcassets"; sourceTree = "<group>"; };
		902199C22573959F004FE62F /* Base */ = {isa = PBXFileReference; lastKnownFileType = file.storyboard; name = Base; path = Base.lproj/LaunchScreen.storyboard; sourceTree = "<group>"; };
		902199C42573959F004FE62F /* Info.plist */ = {isa = PBXFileReference; lastKnownFileType = text.plist.xml; path = Info.plist; sourceTree = "<group>"; };
		902199CC257398E9004FE62F /* Server.swift */ = {isa = PBXFileReference; lastKnownFileType = sourcecode.swift; path = Server.swift; sourceTree = "<group>"; };
		902199CF25739F6B004FE62F /* Browser.swift */ = {isa = PBXFileReference; lastKnownFileType = sourcecode.swift; path = Browser.swift; sourceTree = "<group>"; };
		902199D22573E278004FE62F /* Connection.swift */ = {isa = PBXFileReference; lastKnownFileType = sourcecode.swift; path = Connection.swift; sourceTree = "<group>"; };
		902199D72574E06E004FE62F /* Client.swift */ = {isa = PBXFileReference; lastKnownFileType = sourcecode.swift; path = Client.swift; sourceTree = "<group>"; };
/* End PBXFileReference section */

/* Begin PBXFrameworksBuildPhase section */
		902199B02573959F004FE62F /* Frameworks */ = {
			isa = PBXFrameworksBuildPhase;
			buildActionMask = 2147483647;
			files = (
			);
			runOnlyForDeploymentPostprocessing = 0;
		};
/* End PBXFrameworksBuildPhase section */

/* Begin PBXGroup section */
		902199AA2573959F004FE62F = {
			isa = PBXGroup;
			children = (
				902199B52573959F004FE62F /* MultiConnect */,
				902199B42573959F004FE62F /* Products */,
			);
			sourceTree = "<group>";
		};
		902199B42573959F004FE62F /* Products */ = {
			isa = PBXGroup;
			children = (
				902199B32573959F004FE62F /* MultiConnect.app */,
			);
			name = Products;
			sourceTree = "<group>";
		};
		902199B52573959F004FE62F /* MultiConnect */ = {
			isa = PBXGroup;
			children = (
				902199B62573959F004FE62F /* AppDelegate.swift */,
				902199B82573959F004FE62F /* SceneDelegate.swift */,
				902199BA2573959F004FE62F /* ContentView.swift */,
				902199D22573E278004FE62F /* Connection.swift */,
				902199D72574E06E004FE62F /* Client.swift */,
				902199CC257398E9004FE62F /* Server.swift */,
				902199CF25739F6B004FE62F /* Browser.swift */,
				902199BC2573959F004FE62F /* Assets.xcassets */,
				902199C12573959F004FE62F /* LaunchScreen.storyboard */,
				902199C42573959F004FE62F /* Info.plist */,
				902199BE2573959F004FE62F /* Preview Content */,
			);
			path = MultiConnect;
			sourceTree = "<group>";
		};
		902199BE2573959F004FE62F /* Preview Content */ = {
			isa = PBXGroup;
			children = (
				902199BF2573959F004FE62F /* Preview Assets.xcassets */,
			);
			path = "Preview Content";
			sourceTree = "<group>";
		};
/* End PBXGroup section */

/* Begin PBXNativeTarget section */
		902199B22573959F004FE62F /* MultiConnect */ = {
			isa = PBXNativeTarget;
			buildConfigurationList = 902199C72573959F004FE62F /* Build configuration list for PBXNativeTarget "MultiConnect" */;
			buildPhases = (
				902199AF2573959F004FE62F /* Sources */,
				902199B02573959F004FE62F /* Frameworks */,
				902199B12573959F004FE62F /* Resources */,
			);
			buildRules = (
			);
			dependencies = (
			);
			name = MultiConnect;
			productName = MultiConnect;
			productReference = 902199B32573959F004FE62F /* MultiConnect.app */;
			productType = "com.apple.product-type.application";
		};
/* End PBXNativeTarget section */

/* Begin PBXProject section */
		902199AB2573959F004FE62F /* Project object */ = {
			isa = PBXProject;
			attributes = {
				LastSwiftUpdateCheck = 1220;
				LastUpgradeCheck = 1220;
				TargetAttributes = {
					902199B22573959F004FE62F = {
						CreatedOnToolsVersion = 12.2;
					};
				};
			};
			buildConfigurationList = 902199AE2573959F004FE62F /* Build configuration list for PBXProject "MultiConnect" */;
			compatibilityVersion = "Xcode 9.3";
			developmentRegion = en;
			hasScannedForEncodings = 0;
			knownRegions = (
				en,
				Base,
			);
			mainGroup = 902199AA2573959F004FE62F;
			productRefGroup = 902199B42573959F004FE62F /* Products */;
			projectDirPath = "";
			projectRoot = "";
			targets = (
				902199B22573959F004FE62F /* MultiConnect */,
			);
		};
/* End PBXProject section */

/* Begin PBXResourcesBuildPhase section */
		902199B12573959F004FE62F /* Resources */ = {
			isa = PBXResourcesBuildPhase;
			buildActionMask = 2147483647;
			files = (
				902199C32573959F004FE62F /* LaunchScreen.storyboard in Resources */,
				902199C02573959F004FE62F /* Preview Assets.xcassets in Resources */,
				902199BD2573959F004FE62F /* Assets.xcassets in Resources */,
			);
			runOnlyForDeploymentPostprocessing = 0;
		};
/* End PBXResourcesBuildPhase section */

/* Begin PBXSourcesBuildPhase section */
		902199AF2573959F004FE62F /* Sources */ = {
			isa = PBXSourcesBuildPhase;
			buildActionMask = 2147483647;
			files = (
				902199B72573959F004FE62F /* AppDelegate.swift in Sources */,
				902199D82574E06E004FE62F /* Client.swift in Sources */,
				902199B92573959F004FE62F /* SceneDelegate.swift in Sources */,
				902199CD257398E9004FE62F /* Server.swift in Sources */,
				902199D32573E278004FE62F /* Connection.swift in Sources */,
				902199D025739F6B004FE62F /* Browser.swift in Sources */,
				902199BB2573959F004FE62F /* ContentView.swift in Sources */,
			);
			runOnlyForDeploymentPostprocessing = 0;
		};
/* End PBXSourcesBuildPhase section */

/* Begin PBXVariantGroup section */
		902199C12573959F004FE62F /* LaunchScreen.storyboard */ = {
			isa = PBXVariantGroup;
			children = (
				902199C22573959F004FE62F /* Base */,
			);
			name = LaunchScreen.storyboard;
			sourceTree = "<group>";
		};
/* End PBXVariantGroup section */

/* Begin XCBuildConfiguration section */
		902199C52573959F004FE62F /* Debug */ = {
			isa = XCBuildConfiguration;
			buildSettings = {
				ALWAYS_SEARCH_USER_PATHS = NO;
				CLANG_ANALYZER_NONNULL = YES;
				CLANG_ANALYZER_NUMBER_OBJECT_CONVERSION = YES_AGGRESSIVE;
				CLANG_CXX_LANGUAGE_STANDARD = "gnu++14";
				CLANG_CXX_LIBRARY = "libc++";
				CLANG_ENABLE_MODULES = YES;
				CLANG_ENABLE_OBJC_ARC = YES;
				CLANG_ENABLE_OBJC_WEAK = YES;
				CLANG_WARN_BLOCK_CAPTURE_AUTORELEASING = YES;
				CLANG_WARN_BOOL_CONVERSION = YES;
				CLANG_WARN_COMMA = YES;
				CLANG_WARN_CONSTANT_CONVERSION = YES;
				CLANG_WARN_DEPRECATED_OBJC_IMPLEMENTATIONS = YES;
				CLANG_WARN_DIRECT_OBJC_ISA_USAGE = YES_ERROR;
				CLANG_WARN_DOCUMENTATION_COMMENTS = YES;
				CLANG_WARN_EMPTY_BODY = YES;
				CLANG_WARN_ENUM_CONVERSION = YES;
				CLANG_WARN_INFINITE_RECURSION = YES;
				CLANG_WARN_INT_CONVERSION = YES;
				CLANG_WARN_NON_LITERAL_NULL_CONVERSION = YES;
				CLANG_WARN_OBJC_IMPLICIT_RETAIN_SELF = YES;
				CLANG_WARN_OBJC_LITERAL_CONVERSION = YES;
				CLANG_WARN_OBJC_ROOT_CLASS = YES_ERROR;
				CLANG_WARN_QUOTED_INCLUDE_IN_FRAMEWORK_HEADER = YES;
				CLANG_WARN_RANGE_LOOP_ANALYSIS = YES;
				CLANG_WARN_STRICT_PROTOTYPES = YES;
				CLANG_WARN_SUSPICIOUS_MOVE = YES;
				CLANG_WARN_UNGUARDED_AVAILABILITY = YES_AGGRESSIVE;
				CLANG_WARN_UNREACHABLE_CODE = YES;
				CLANG_WARN__DUPLICATE_METHOD_MATCH = YES;
				COPY_PHASE_STRIP = NO;
				DEBUG_INFORMATION_FORMAT = dwarf;
				ENABLE_STRICT_OBJC_MSGSEND = YES;
				ENABLE_TESTABILITY = YES;
				GCC_C_LANGUAGE_STANDARD = gnu11;
				GCC_DYNAMIC_NO_PIC = NO;
				GCC_NO_COMMON_BLOCKS = YES;
				GCC_OPTIMIZATION_LEVEL = 0;
				GCC_PREPROCESSOR_DEFINITIONS = (
					"DEBUG=1",
					"$(inherited)",
				);
				GCC_WARN_64_TO_32_BIT_CONVERSION = YES;
				GCC_WARN_ABOUT_RETURN_TYPE = YES_ERROR;
				GCC_WARN_UNDECLARED_SELECTOR = YES;
				GCC_WARN_UNINITIALIZED_AUTOS = YES_AGGRESSIVE;
				GCC_WARN_UNUSED_FUNCTION = YES;
				GCC_WARN_UNUSED_VARIABLE = YES;
				IPHONEOS_DEPLOYMENT_TARGET = 14.2;
				MTL_ENABLE_DEBUG_INFO = INCLUDE_SOURCE;
				MTL_FAST_MATH = YES;
				ONLY_ACTIVE_ARCH = YES;
				SDKROOT = iphoneos;
				SWIFT_ACTIVE_COMPILATION_CONDITIONS = DEBUG;
				SWIFT_OPTIMIZATION_LEVEL = "-Onone";
			};
			name = Debug;
		};
		902199C62573959F004FE62F /* Release */ = {
			isa = XCBuildConfiguration;
			buildSettings = {
				ALWAYS_SEARCH_USER_PATHS = NO;
				CLANG_ANALYZER_NONNULL = YES;
				CLANG_ANALYZER_NUMBER_OBJECT_CONVERSION = YES_AGGRESSIVE;
				CLANG_CXX_LANGUAGE_STANDARD = "gnu++14";
				CLANG_CXX_LIBRARY = "libc++";
				CLANG_ENABLE_MODULES = YES;
				CLANG_ENABLE_OBJC_ARC = YES;
				CLANG_ENABLE_OBJC_WEAK = YES;
				CLANG_WARN_BLOCK_CAPTURE_AUTORELEASING = YES;
				CLANG_WARN_BOOL_CONVERSION = YES;
				CLANG_WARN_COMMA = YES;
				CLANG_WARN_CONSTANT_CONVERSION = YES;
				CLANG_WARN_DEPRECATED_OBJC_IMPLEMENTATIONS = YES;
				CLANG_WARN_DIRECT_OBJC_ISA_USAGE = YES_ERROR;
				CLANG_WARN_DOCUMENTATION_COMMENTS = YES;
				CLANG_WARN_EMPTY_BODY = YES;
				CLANG_WARN_ENUM_CONVERSION = YES;
				CLANG_WARN_INFINITE_RECURSION = YES;
				CLANG_WARN_INT_CONVERSION = YES;
				CLANG_WARN_NON_LITERAL_NULL_CONVERSION = YES;
				CLANG_WARN_OBJC_IMPLICIT_RETAIN_SELF = YES;
				CLANG_WARN_OBJC_LITERAL_CONVERSION = YES;
				CLANG_WARN_OBJC_ROOT_CLASS = YES_ERROR;
				CLANG_WARN_QUOTED_INCLUDE_IN_FRAMEWORK_HEADER = YES;
				CLANG_WARN_RANGE_LOOP_ANALYSIS = YES;
				CLANG_WARN_STRICT_PROTOTYPES = YES;
				CLANG_WARN_SUSPICIOUS_MOVE = YES;
				CLANG_WARN_UNGUARDED_AVAILABILITY = YES_AGGRESSIVE;
				CLANG_WARN_UNREACHABLE_CODE = YES;
				CLANG_WARN__DUPLICATE_METHOD_MATCH = YES;
				COPY_PHASE_STRIP = NO;
				DEBUG_INFORMATION_FORMAT = "dwarf-with-dsym";
				ENABLE_NS_ASSERTIONS = NO;
				ENABLE_STRICT_OBJC_MSGSEND = YES;
				GCC_C_LANGUAGE_STANDARD = gnu11;
				GCC_NO_COMMON_BLOCKS = YES;
				GCC_WARN_64_TO_32_BIT_CONVERSION = YES;
				GCC_WARN_ABOUT_RETURN_TYPE = YES_ERROR;
				GCC_WARN_UNDECLARED_SELECTOR = YES;
				GCC_WARN_UNINITIALIZED_AUTOS = YES_AGGRESSIVE;
				GCC_WARN_UNUSED_FUNCTION = YES;
				GCC_WARN_UNUSED_VARIABLE = YES;
				IPHONEOS_DEPLOYMENT_TARGET = 14.2;
				MTL_ENABLE_DEBUG_INFO = NO;
				MTL_FAST_MATH = YES;
				SDKROOT = iphoneos;
				SWIFT_COMPILATION_MODE = wholemodule;
				SWIFT_OPTIMIZATION_LEVEL = "-O";
				VALIDATE_PRODUCT = YES;
			};
			name = Release;
		};
		902199C82573959F004FE62F /* Debug */ = {
			isa = XCBuildConfiguration;
			buildSettings = {
				ASSETCATALOG_COMPILER_APPICON_NAME = AppIcon;
				ASSETCATALOG_COMPILER_GLOBAL_ACCENT_COLOR_NAME = AccentColor;
				CODE_SIGN_STYLE = Automatic;
				DEVELOPMENT_ASSET_PATHS = "\"MultiConnect/Preview Content\"";
				DEVELOPMENT_TEAM = 7G4JF8R3R6;
				ENABLE_PREVIEWS = YES;
				INFOPLIST_FILE = MultiConnect/Info.plist;
				IPHONEOS_DEPLOYMENT_TARGET = 13.6;
				LD_RUNPATH_SEARCH_PATHS = (
					"$(inherited)",
					"@executable_path/Frameworks",
				);
				PRODUCT_BUNDLE_IDENTIFIER = co.borama.MultiConnect;
				PRODUCT_NAME = "$(TARGET_NAME)";
				SWIFT_VERSION = 5.0;
				TARGETED_DEVICE_FAMILY = "1,2";
			};
			name = Debug;
		};
		902199C92573959F004FE62F /* Release */ = {
			isa = XCBuildConfiguration;
			buildSettings = {
				ASSETCATALOG_COMPILER_APPICON_NAME = AppIcon;
				ASSETCATALOG_COMPILER_GLOBAL_ACCENT_COLOR_NAME = AccentColor;
				CODE_SIGN_STYLE = Automatic;
				DEVELOPMENT_ASSET_PATHS = "\"MultiConnect/Preview Content\"";
				DEVELOPMENT_TEAM = 7G4JF8R3R6;
				ENABLE_PREVIEWS = YES;
				INFOPLIST_FILE = MultiConnect/Info.plist;
				IPHONEOS_DEPLOYMENT_TARGET = 13.6;
				LD_RUNPATH_SEARCH_PATHS = (
					"$(inherited)",
					"@executable_path/Frameworks",
				);
				PRODUCT_BUNDLE_IDENTIFIER = co.borama.MultiConnect;
				PRODUCT_NAME = "$(TARGET_NAME)";
				SWIFT_VERSION = 5.0;
				TARGETED_DEVICE_FAMILY = "1,2";
			};
			name = Release;
		};
/* End XCBuildConfiguration section */

/* Begin XCConfigurationList section */
		902199AE2573959F004FE62F /* Build configuration list for PBXProject "MultiConnect" */ = {
			isa = XCConfigurationList;
			buildConfigurations = (
				902199C52573959F004FE62F /* Debug */,
				902199C62573959F004FE62F /* Release */,
			);
			defaultConfigurationIsVisible = 0;
			defaultConfigurationName = Release;
		};
		902199C72573959F004FE62F /* Build configuration list for PBXNativeTarget "MultiConnect" */ = {
			isa = XCConfigurationList;
			buildConfigurations = (
				902199C82573959F004FE62F /* Debug */,
				902199C92573959F004FE62F /* Release */,
			);
			defaultConfigurationIsVisible = 0;
			defaultConfigurationName = Release;
		};
/* End XCConfigurationList section */
	};
	rootObject = 902199AB2573959F004FE62F /* Project object */;
}
